# THIS IS AN AUTOGENERATED FILE. DO NOT EDIT THIS FILE DIRECTLY.
# yarn lockfile v1


"@tanstack/match-sorter-utils@^8.1.1":
  version "8.5.14"
  resolved "https://registry.yarnpkg.com/@tanstack/match-sorter-utils/-/match-sorter-utils-8.5.14.tgz#12efcd536abe491d09521e0242bc4d51442f8a8a"
  integrity sha512-lVNhzTcOJ2bZ4IU+PeCPQ36vowBHvviJb2ZfdRFX5uhy7G0jM8N34zAMbmS5ZmVH8D2B7oU82OWo0e/5ZFzQrw==
  dependencies:
    remove-accents "0.4.2"

"@tanstack/react-query-devtools@^4.9.0":
  version "4.9.0"
  resolved "https://registry.yarnpkg.com/@tanstack/react-query-devtools/-/react-query-devtools-4.9.0.tgz#d38dfe09432eff3d08c6fa36841b7752652d999a"
  integrity sha512-VO8d23Hrjp4tub20OIGszsmYwSyal/7PhYP1Miv7GAVrdPQN38lqP9afhkhkXDW025x7oAXYUUl4LzUCxVwKBw==
  dependencies:
    "@tanstack/match-sorter-utils" "^8.1.1"
    use-sync-external-store "^1.2.0"

remove-accents@0.4.2:
  version "0.4.2"
  resolved "https://registry.yarnpkg.com/remove-accents/-/remove-accents-0.4.2.tgz#0a43d3aaae1e80db919e07ae254b285d9e1c7bb5"
  integrity sha512-7pXIJqJOq5tFgG1A2Zxti3Ht8jJF337m4sowbuHsW30ZnkQFnDzy9qBNhgzX8ZLW4+UBcXiiR7SwR6pokHsxiA==

use-sync-external-store@^1.2.0:
  version "1.2.0"
  resolved "https://registry.yarnpkg.com/use-sync-external-store/-/use-sync-external-store-1.2.0.tgz#7dbefd6ef3fe4e767a0cf5d7287aacfb5846928a"
  integrity sha512-eEgnFxGQ1Ife9bzYs6VLi8/4X6CObHMw9Qr9tPY43iKwsPw8xE8+EFsf/2cFZ5S3esXgpWgtSCtLNS41F+sKPA==
